
Microsoft Visual Studio Solution File, Format Version 12.00
# Visual Studio Version 17
VisualStudioVersion = 17.4.33110.190
MinimumVisualStudioVersion = 10.0.40219.1
Project("{FAE04EC0-301F-11D3-BF4B-00C04F79EFBC}") = "CodeFactory.ADK", "CodeFactory.ADK\CodeFactory.ADK.csproj", "{5C6DF311-F7B6-4A2C-B84A-F1A28DA560B6}"
EndProject
Project("{FAE04EC0-301F-11D3-BF4B-00C04F79EFBC}") = "ADK.AutomationExample", "ADK.AutomationExample\ADK.AutomationExample.csproj", "{CFCF098B-4CF8-420C-8F40-82E5857D988E}"
EndProject
Global
	GlobalSection(SolutionConfigurationPlatforms) = preSolution
		Debug|Any CPU = Debug|Any CPU
		Release|Any CPU = Release|Any CPU
	EndGlobalSection
	GlobalSection(ProjectConfigurationPlatforms) = postSolution
		{5C6DF311-F7B6-4A2C-B84A-F1A28DA560B6}.Debug|Any CPU.ActiveCfg = Debug|Any CPU
		{5C6DF311-F7B6-4A2C-B84A-F1A28DA560B6}.Debug|Any CPU.Build.0 = Debug|Any CPU
		{5C6DF311-F7B6-4A2C-B84A-F1A28DA560B6}.Release|Any CPU.ActiveCfg = Release|Any CPU
		{5C6DF311-F7B6-4A2C-B84A-F1A28DA560B6}.Release|Any CPU.Build.0 = Release|Any CPU
		{CFCF098B-4CF8-420C-8F40-82E5857D988E}.Debug|Any CPU.ActiveCfg = Debug|Any CPU
		{CFCF098B-4CF8-420C-8F40-82E5857D988E}.Debug|Any CPU.Build.0 = Debug|Any CPU
		{CFCF098B-4CF8-420C-8F40-82E5857D988E}.Release|Any CPU.ActiveCfg = Release|Any CPU
		{CFCF098B-4CF8-420C-8F40-82E5857D988E}.Release|Any CPU.Build.0 = Release|Any CPU
	EndGlobalSection
	GlobalSection(SolutionProperties) = preSolution
		HideSolutionNode = FALSE
	EndGlobalSection
	GlobalSection(ExtensibilityGlobals) = postSolution
		SolutionGuid = {261D197C-4E0A-4747-8FBB-5184ACF007A8}
	EndGlobalSection
EndGlobal
